
Microsoft Visual Studio Solution File, Format Version 12.00
# Visual Studio Version 16
VisualStudioVersion = 16.0.29728.190
MinimumVisualStudioVersion = 10.0.40219.1
Project("{FAE04EC0-301F-11D3-BF4B-00C04F79EFBC}") = "StatusCodes", "StatusCodes\StatusCodes.csproj", "{D5BC8DFE-482A-4759-93DC-AB50884D050C}"
EndProject
Global
	GlobalSection(SolutionConfigurationPlatforms) = preSolution
		Debug|Any CPU = Debug|Any CPU
		Release|Any CPU = Release|Any CPU
	EndGlobalSection
	GlobalSection(ProjectConfigurationPlatforms) = postSolution
		{D5BC8DFE-482A-4759-93DC-AB50884D050C}.Debug|Any CPU.ActiveCfg = Debug|Any CPU
		{D5BC8DFE-482A-4759-93DC-AB50884D050C}.Debug|Any CPU.Build.0 = Debug|Any CPU
		{D5BC8DFE-482A-4759-93DC-AB50884D050C}.Release|Any CPU.ActiveCfg = Release|Any CPU
		{D5BC8DFE-482A-4759-93DC-AB50884D050C}.Release|Any CPU.Build.0 = Release|Any CPU
	EndGlobalSection
	GlobalSection(SolutionProperties) = preSolution
		HideSolutionNode = FALSE
	EndGlobalSection
	GlobalSection(ExtensibilityGlobals) = postSolution
		SolutionGuid = {73D6A22E-ED0E-400D-9044-E17C8FBF5A99}
	EndGlobalSection
EndGlobal
